<?xml version="1.0" encoding="utf-8"?>
<Project ToolsVersion="4.0" xmlns="http://schemas.microsoft.com/developer/msbuild/2003">
  <ItemGroup>
    <ClCompile Include="main.cpp" />
    <ClCompile Include="Puzzle.cpp" />
    <ClCompile Include="StackSolver.cpp" />
  </ItemGroup>
  <ItemGroup>
    <ClInclude Include="Puzzle.hpp" />
    <ClInclude Include="Solver.hpp" />
    <ClInclude Include="StackSolver.hpp" />
  </ItemGroup>
</Project>