<?xml version="1.0" encoding="utf-8"?>
<Project ToolsVersion="4.0" xmlns="http://schemas.microsoft.com/developer/msbuild/2003">
  <ItemGroup>
    <ClCompile Include="main.cpp" />
    <ClCompile Include="Puzzle.cpp" />
    <ClCompile Include="StackSolver.cpp" />
    <ClCompile Include="MaskSolver.cpp" />
    <ClCompile Include="FastSolver.cpp" />
    <ClCompile Include="SolvedPuzzleGenerator.cpp" />
    <ClCompile Include="PuzzleGenerator.cpp" />
  </ItemGroup>
  <ItemGroup>
    <ClInclude Include="Puzzle.hpp" />
    <ClInclude Include="StackSolver.hpp" />
    <ClInclude Include="MaskSolver.hpp" />
    <ClInclude Include="FastSolver.hpp" />
    <ClInclude Include="SolvedPuzzleGenerator.hpp" />
    <ClInclude Include="PuzzleGenerator.hpp" />
  </ItemGroup>
</Project>